
Microsoft Visual Studio Solution File, Format Version 12.00
# Visual Studio 15
VisualStudioVersion = 15.0.28307.421
MinimumVisualStudioVersion = 10.0.40219.1
Project("{9A19103F-16F7-4668-BE54-9A1E7A4F7556}") = "FBM.Event.Client", "FBM.Event.Client\FBM.Event.Client.csproj", "{B4099953-1475-4BCB-AD75-47CFCC2A3F86}"
EndProject
Project("{FAE04EC0-301F-11D3-BF4B-00C04F79EFBC}") = "FBM.Event.DefaultManager", "FBM.Event.DefaultManager\FBM.Event.DefaultManager.csproj", "{DD47FBB0-18D0-4BED-81F0-EAB9D0AE7BEB}"
EndProject
Global
	GlobalSection(SolutionConfigurationPlatforms) = preSolution
		Debug|Any CPU = Debug|Any CPU
		Release|Any CPU = Release|Any CPU
	EndGlobalSection
	GlobalSection(ProjectConfigurationPlatforms) = postSolution
		{B4099953-1475-4BCB-AD75-47CFCC2A3F86}.Debug|Any CPU.ActiveCfg = Debug|Any CPU
		{B4099953-1475-4BCB-AD75-47CFCC2A3F86}.Debug|Any CPU.Build.0 = Debug|Any CPU
		{B4099953-1475-4BCB-AD75-47CFCC2A3F86}.Release|Any CPU.ActiveCfg = Release|Any CPU
		{B4099953-1475-4BCB-AD75-47CFCC2A3F86}.Release|Any CPU.Build.0 = Release|Any CPU
		{DD47FBB0-18D0-4BED-81F0-EAB9D0AE7BEB}.Debug|Any CPU.ActiveCfg = Debug|Any CPU
		{DD47FBB0-18D0-4BED-81F0-EAB9D0AE7BEB}.Debug|Any CPU.Build.0 = Debug|Any CPU
		{DD47FBB0-18D0-4BED-81F0-EAB9D0AE7BEB}.Release|Any CPU.ActiveCfg = Release|Any CPU
		{DD47FBB0-18D0-4BED-81F0-EAB9D0AE7BEB}.Release|Any CPU.Build.0 = Release|Any CPU
	EndGlobalSection
	GlobalSection(SolutionProperties) = preSolution
		HideSolutionNode = FALSE
	EndGlobalSection
	GlobalSection(ExtensibilityGlobals) = postSolution
		SolutionGuid = {6644FF2C-DB46-4E55-82BB-2B505F57C3FE}
	EndGlobalSection
EndGlobal
